
Microsoft Visual Studio Solution File, Format Version 12.00
# Visual Studio Version 17
VisualStudioVersion = 17.7.34024.191
MinimumVisualStudioVersion = 10.0.40219.1
Project("{FAE04EC0-301F-11D3-BF4B-00C04F79EFBC}") = "TiendaMovil.Android", "TiendaMovil.Android\TiendaMovil.Android.csproj", "{D98FC15F-96D3-4774-908A-1CB888BA2966}"
EndProject
Project("{FAE04EC0-301F-11D3-BF4B-00C04F79EFBC}") = "TiendaMovil.iOS", "TiendaMovil.iOS\TiendaMovil.iOS.csproj", "{ADC7284F-E035-4785-A0CF-B3E9855626A5}"
EndProject
Project("{FAE04EC0-301F-11D3-BF4B-00C04F79EFBC}") = "TiendaMovil", "TiendaMovil\TiendaMovil.csproj", "{9F46D8E5-B6C7-45B8-8E12-59C6C39D1CD8}"
EndProject
Global
	GlobalSection(SolutionConfigurationPlatforms) = preSolution
		Debug|Any CPU = Debug|Any CPU
		Debug|iPhone = Debug|iPhone
		Debug|iPhoneSimulator = Debug|iPhoneSimulator
		Release|Any CPU = Release|Any CPU
		Release|iPhone = Release|iPhone
		Release|iPhoneSimulator = Release|iPhoneSimulator
	EndGlobalSection
	GlobalSection(ProjectConfigurationPlatforms) = postSolution
		{D98FC15F-96D3-4774-908A-1CB888BA2966}.Debug|Any CPU.ActiveCfg = Debug|Any CPU
		{D98FC15F-96D3-4774-908A-1CB888BA2966}.Debug|Any CPU.Build.0 = Debug|Any CPU
		{D98FC15F-96D3-4774-908A-1CB888BA2966}.Debug|Any CPU.Deploy.0 = Debug|Any CPU
		{D98FC15F-96D3-4774-908A-1CB888BA2966}.Debug|iPhone.ActiveCfg = Debug|Any CPU
		{D98FC15F-96D3-4774-908A-1CB888BA2966}.Debug|iPhone.Build.0 = Debug|Any CPU
		{D98FC15F-96D3-4774-908A-1CB888BA2966}.Debug|iPhone.Deploy.0 = Debug|Any CPU
		{D98FC15F-96D3-4774-908A-1CB888BA2966}.Debug|iPhoneSimulator.ActiveCfg = Debug|Any CPU
		{D98FC15F-96D3-4774-908A-1CB888BA2966}.Debug|iPhoneSimulator.Build.0 = Debug|Any CPU
		{D98FC15F-96D3-4774-908A-1CB888BA2966}.Debug|iPhoneSimulator.Deploy.0 = Debug|Any CPU
		{D98FC15F-96D3-4774-908A-1CB888BA2966}.Release|Any CPU.ActiveCfg = Release|Any CPU
		{D98FC15F-96D3-4774-908A-1CB888BA2966}.Release|Any CPU.Build.0 = Release|Any CPU
		{D98FC15F-96D3-4774-908A-1CB888BA2966}.Release|Any CPU.Deploy.0 = Release|Any CPU
		{D98FC15F-96D3-4774-908A-1CB888BA2966}.Release|iPhone.ActiveCfg = Release|Any CPU
		{D98FC15F-96D3-4774-908A-1CB888BA2966}.Release|iPhone.Build.0 = Release|Any CPU
		{D98FC15F-96D3-4774-908A-1CB888BA2966}.Release|iPhone.Deploy.0 = Release|Any CPU
		{D98FC15F-96D3-4774-908A-1CB888BA2966}.Release|iPhoneSimulator.ActiveCfg = Release|Any CPU
		{D98FC15F-96D3-4774-908A-1CB888BA2966}.Release|iPhoneSimulator.Build.0 = Release|Any CPU
		{D98FC15F-96D3-4774-908A-1CB888BA2966}.Release|iPhoneSimulator.Deploy.0 = Release|Any CPU
		{ADC7284F-E035-4785-A0CF-B3E9855626A5}.Debug|Any CPU.ActiveCfg = Debug|iPhone
		{ADC7284F-E035-4785-A0CF-B3E9855626A5}.Debug|Any CPU.Build.0 = Debug|iPhone
		{ADC7284F-E035-4785-A0CF-B3E9855626A5}.Debug|Any CPU.Deploy.0 = Debug|iPhone
		{ADC7284F-E035-4785-A0CF-B3E9855626A5}.Debug|iPhone.ActiveCfg = Debug|iPhone
		{ADC7284F-E035-4785-A0CF-B3E9855626A5}.Debug|iPhone.Build.0 = Debug|iPhone
		{ADC7284F-E035-4785-A0CF-B3E9855626A5}.Debug|iPhone.Deploy.0 = Debug|iPhone
		{ADC7284F-E035-4785-A0CF-B3E9855626A5}.Debug|iPhoneSimulator.ActiveCfg = Debug|iPhoneSimulator
		{ADC7284F-E035-4785-A0CF-B3E9855626A5}.Debug|iPhoneSimulator.Build.0 = Debug|iPhoneSimulator
		{ADC7284F-E035-4785-A0CF-B3E9855626A5}.Debug|iPhoneSimulator.Deploy.0 = Debug|iPhoneSimulator
		{ADC7284F-E035-4785-A0CF-B3E9855626A5}.Release|Any CPU.ActiveCfg = Release|iPhoneSimulator
		{ADC7284F-E035-4785-A0CF-B3E9855626A5}.Release|Any CPU.Build.0 = Release|iPhoneSimulator
		{ADC7284F-E035-4785-A0CF-B3E9855626A5}.Release|Any CPU.Deploy.0 = Release|iPhoneSimulator
		{ADC7284F-E035-4785-A0CF-B3E9855626A5}.Release|iPhone.ActiveCfg = Release|iPhone
		{ADC7284F-E035-4785-A0CF-B3E9855626A5}.Release|iPhone.Build.0 = Release|iPhone
		{ADC7284F-E035-4785-A0CF-B3E9855626A5}.Release|iPhone.Deploy.0 = Release|iPhone
		{ADC7284F-E035-4785-A0CF-B3E9855626A5}.Release|iPhoneSimulator.ActiveCfg = Release|iPhoneSimulator
		{ADC7284F-E035-4785-A0CF-B3E9855626A5}.Release|iPhoneSimulator.Build.0 = Release|iPhoneSimulator
		{ADC7284F-E035-4785-A0CF-B3E9855626A5}.Release|iPhoneSimulator.Deploy.0 = Release|iPhoneSimulator
		{9F46D8E5-B6C7-45B8-8E12-59C6C39D1CD8}.Debug|Any CPU.ActiveCfg = Debug|Any CPU
		{9F46D8E5-B6C7-45B8-8E12-59C6C39D1CD8}.Debug|Any CPU.Build.0 = Debug|Any CPU
		{9F46D8E5-B6C7-45B8-8E12-59C6C39D1CD8}.Debug|Any CPU.Deploy.0 = Debug|Any CPU
		{9F46D8E5-B6C7-45B8-8E12-59C6C39D1CD8}.Debug|iPhone.ActiveCfg = Debug|Any CPU
		{9F46D8E5-B6C7-45B8-8E12-59C6C39D1CD8}.Debug|iPhone.Build.0 = Debug|Any CPU
		{9F46D8E5-B6C7-45B8-8E12-59C6C39D1CD8}.Debug|iPhone.Deploy.0 = Debug|Any CPU
		{9F46D8E5-B6C7-45B8-8E12-59C6C39D1CD8}.Debug|iPhoneSimulator.ActiveCfg = Debug|Any CPU
		{9F46D8E5-B6C7-45B8-8E12-59C6C39D1CD8}.Debug|iPhoneSimulator.Build.0 = Debug|Any CPU
		{9F46D8E5-B6C7-45B8-8E12-59C6C39D1CD8}.Debug|iPhoneSimulator.Deploy.0 = Debug|Any CPU
		{9F46D8E5-B6C7-45B8-8E12-59C6C39D1CD8}.Release|Any CPU.ActiveCfg = Release|Any CPU
		{9F46D8E5-B6C7-45B8-8E12-59C6C39D1CD8}.Release|Any CPU.Build.0 = Release|Any CPU
		{9F46D8E5-B6C7-45B8-8E12-59C6C39D1CD8}.Release|Any CPU.Deploy.0 = Release|Any CPU
		{9F46D8E5-B6C7-45B8-8E12-59C6C39D1CD8}.Release|iPhone.ActiveCfg = Release|Any CPU
		{9F46D8E5-B6C7-45B8-8E12-59C6C39D1CD8}.Release|iPhone.Build.0 = Release|Any CPU
		{9F46D8E5-B6C7-45B8-8E12-59C6C39D1CD8}.Release|iPhone.Deploy.0 = Release|Any CPU
		{9F46D8E5-B6C7-45B8-8E12-59C6C39D1CD8}.Release|iPhoneSimulator.ActiveCfg = Release|Any CPU
		{9F46D8E5-B6C7-45B8-8E12-59C6C39D1CD8}.Release|iPhoneSimulator.Build.0 = Release|Any CPU
		{9F46D8E5-B6C7-45B8-8E12-59C6C39D1CD8}.Release|iPhoneSimulator.Deploy.0 = Release|Any CPU
	EndGlobalSection
	GlobalSection(SolutionProperties) = preSolution
		HideSolutionNode = FALSE
	EndGlobalSection
	GlobalSection(ExtensibilityGlobals) = postSolution
		SolutionGuid = {673475DE-4C84-4F2D-A876-3EF92B196C12}
	EndGlobalSection
EndGlobal
